
Microsoft Visual Studio Solution File, Format Version 12.00
# Visual Studio Version 17
VisualStudioVersion = 17.14.37328.6 d17.14
MinimumVisualStudioVersion = 10.0.40219.1
Project("{8BC9CEB8-8B4A-11D0-8D11-00A0C91BC942}") = "pvp", "pvp\pvp.vcxproj", "{EB7D008C-3C2A-4EF8-AB7F-12819CFDE6BB}"
EndProject
Global
	GlobalSection(SolutionConfigurationPlatforms) = preSolution
		Debug|x64 = Debug|x64
		Debug|x86 = Debug|x86
		Release|x64 = Release|x64
		Release|x86 = Release|x86
	EndGlobalSection
	GlobalSection(ProjectConfigurationPlatforms) = postSolution
		{EB7D008C-3C2A-4EF8-AB7F-12819CFDE6BB}.Debug|x64.ActiveCfg = Debug|x64
		{EB7D008C-3C2A-4EF8-AB7F-12819CFDE6BB}.Debug|x64.Build.0 = Debug|x64
		{EB7D008C-3C2A-4EF8-AB7F-12819CFDE6BB}.Debug|x86.ActiveCfg = Debug|Win32
		{EB7D008C-3C2A-4EF8-AB7F-12819CFDE6BB}.Debug|x86.Build.0 = Debug|Win32
		{EB7D008C-3C2A-4EF8-AB7F-12819CFDE6BB}.Release|x64.ActiveCfg = Release|x64
		{EB7D008C-3C2A-4EF8-AB7F-12819CFDE6BB}.Release|x64.Build.0 = Release|x64
		{EB7D008C-3C2A-4EF8-AB7F-12819CFDE6BB}.Release|x86.ActiveCfg = Release|Win32
		{EB7D008C-3C2A-4EF8-AB7F-12819CFDE6BB}.Release|x86.Build.0 = Release|Win32
	EndGlobalSection
	GlobalSection(SolutionProperties) = preSolution
		HideSolutionNode = FALSE
	EndGlobalSection
	GlobalSection(ExtensibilityGlobals) = postSolution
		SolutionGuid = {FDE6D87B-4FF0-4940-AD82-D8CF746B4990}
	EndGlobalSection
EndGlobal
