
Microsoft Visual Studio Solution File, Format Version 12.00
# Visual Studio Version 17
VisualStudioVersion = 17.14.37328.6 d17.14
MinimumVisualStudioVersion = 10.0.40219.1
Project("{8BC9CEB8-8B4A-11D0-8D11-00A0C91BC942}") = "demo", "demo\demo.vcxproj", "{11293E6E-20C0-4B3D-B886-CFA92883CF4A}"
EndProject
Global
	GlobalSection(SolutionConfigurationPlatforms) = preSolution
		Debug|x64 = Debug|x64
		Debug|x86 = Debug|x86
		Release|x64 = Release|x64
		Release|x86 = Release|x86
	EndGlobalSection
	GlobalSection(ProjectConfigurationPlatforms) = postSolution
		{11293E6E-20C0-4B3D-B886-CFA92883CF4A}.Debug|x64.ActiveCfg = Debug|x64
		{11293E6E-20C0-4B3D-B886-CFA92883CF4A}.Debug|x64.Build.0 = Debug|x64
		{11293E6E-20C0-4B3D-B886-CFA92883CF4A}.Debug|x86.ActiveCfg = Debug|Win32
		{11293E6E-20C0-4B3D-B886-CFA92883CF4A}.Debug|x86.Build.0 = Debug|Win32
		{11293E6E-20C0-4B3D-B886-CFA92883CF4A}.Release|x64.ActiveCfg = Release|x64
		{11293E6E-20C0-4B3D-B886-CFA92883CF4A}.Release|x64.Build.0 = Release|x64
		{11293E6E-20C0-4B3D-B886-CFA92883CF4A}.Release|x86.ActiveCfg = Release|Win32
		{11293E6E-20C0-4B3D-B886-CFA92883CF4A}.Release|x86.Build.0 = Release|Win32
	EndGlobalSection
	GlobalSection(SolutionProperties) = preSolution
		HideSolutionNode = FALSE
	EndGlobalSection
	GlobalSection(ExtensibilityGlobals) = postSolution
		SolutionGuid = {258D4BD7-ED6F-432C-8E99-3C9E13F67ACE}
	EndGlobalSection
EndGlobal
